
Microsoft Visual Studio Solution File, Format Version 12.00
# Visual Studio Version 17
VisualStudioVersion = 17.3.32901.215
MinimumVisualStudioVersion = 10.0.40219.1
Project("{FAE04EC0-301F-11D3-BF4B-00C04F79EFBC}") = "Delegates_Event", "Delegates_Event\Delegates_Event.csproj", "{BD84AF9B-8DCA-42F6-909F-2F5F3F332CED}"
EndProject
Global
	GlobalSection(SolutionConfigurationPlatforms) = preSolution
		Debug|Any CPU = Debug|Any CPU
		Release|Any CPU = Release|Any CPU
	EndGlobalSection
	GlobalSection(ProjectConfigurationPlatforms) = postSolution
		{BD84AF9B-8DCA-42F6-909F-2F5F3F332CED}.Debug|Any CPU.ActiveCfg = Debug|Any CPU
		{BD84AF9B-8DCA-42F6-909F-2F5F3F332CED}.Debug|Any CPU.Build.0 = Debug|Any CPU
		{BD84AF9B-8DCA-42F6-909F-2F5F3F332CED}.Release|Any CPU.ActiveCfg = Release|Any CPU
		{BD84AF9B-8DCA-42F6-909F-2F5F3F332CED}.Release|Any CPU.Build.0 = Release|Any CPU
	EndGlobalSection
	GlobalSection(SolutionProperties) = preSolution
		HideSolutionNode = FALSE
	EndGlobalSection
	GlobalSection(ExtensibilityGlobals) = postSolution
		SolutionGuid = {B1502FC9-C211-4038-A524-3BDA1D547D3B}
	EndGlobalSection
EndGlobal
